
Microsoft Visual Studio Solution File, Format Version 12.00
# Visual Studio 15
VisualStudioVersion = 15.0.26124.0
MinimumVisualStudioVersion = 15.0.26124.0
Project("{2150E333-8FDC-42A3-9474-1A3956D46DE8}") = "src", "src", "{7C88AED3-BA93-42EF-A205-9BAD93D6EDF8}"
EndProject
Project("{FAE04EC0-301F-11D3-BF4B-00C04F79EFBC}") = "App", "src\App\App.csproj", "{43065457-F548-4063-B50F-A2B04A9D45F7}"
EndProject
Project("{FAE04EC0-301F-11D3-BF4B-00C04F79EFBC}") = "Infraestructure", "src\Infraestructure\Infraestructure.csproj", "{22B63665-0DAA-494A-ADFF-3FBC002BDE82}"
EndProject
Project("{FAE04EC0-301F-11D3-BF4B-00C04F79EFBC}") = "Core", "src\Core\Core.csproj", "{68303E36-9D59-4BA9-9602-3B7CA7F56AE4}"
EndProject
Global
	GlobalSection(SolutionConfigurationPlatforms) = preSolution
		Debug|Any CPU = Debug|Any CPU
		Debug|x64 = Debug|x64
		Debug|x86 = Debug|x86
		Release|Any CPU = Release|Any CPU
		Release|x64 = Release|x64
		Release|x86 = Release|x86
	EndGlobalSection
	GlobalSection(SolutionProperties) = preSolution
		HideSolutionNode = FALSE
	EndGlobalSection
	GlobalSection(ProjectConfigurationPlatforms) = postSolution
		{43065457-F548-4063-B50F-A2B04A9D45F7}.Debug|Any CPU.ActiveCfg = Debug|Any CPU
		{43065457-F548-4063-B50F-A2B04A9D45F7}.Debug|Any CPU.Build.0 = Debug|Any CPU
		{43065457-F548-4063-B50F-A2B04A9D45F7}.Debug|x64.ActiveCfg = Debug|Any CPU
		{43065457-F548-4063-B50F-A2B04A9D45F7}.Debug|x64.Build.0 = Debug|Any CPU
		{43065457-F548-4063-B50F-A2B04A9D45F7}.Debug|x86.ActiveCfg = Debug|Any CPU
		{43065457-F548-4063-B50F-A2B04A9D45F7}.Debug|x86.Build.0 = Debug|Any CPU
		{43065457-F548-4063-B50F-A2B04A9D45F7}.Release|Any CPU.ActiveCfg = Release|Any CPU
		{43065457-F548-4063-B50F-A2B04A9D45F7}.Release|Any CPU.Build.0 = Release|Any CPU
		{43065457-F548-4063-B50F-A2B04A9D45F7}.Release|x64.ActiveCfg = Release|Any CPU
		{43065457-F548-4063-B50F-A2B04A9D45F7}.Release|x64.Build.0 = Release|Any CPU
		{43065457-F548-4063-B50F-A2B04A9D45F7}.Release|x86.ActiveCfg = Release|Any CPU
		{43065457-F548-4063-B50F-A2B04A9D45F7}.Release|x86.Build.0 = Release|Any CPU
		{22B63665-0DAA-494A-ADFF-3FBC002BDE82}.Debug|Any CPU.ActiveCfg = Debug|Any CPU
		{22B63665-0DAA-494A-ADFF-3FBC002BDE82}.Debug|Any CPU.Build.0 = Debug|Any CPU
		{22B63665-0DAA-494A-ADFF-3FBC002BDE82}.Debug|x64.ActiveCfg = Debug|Any CPU
		{22B63665-0DAA-494A-ADFF-3FBC002BDE82}.Debug|x64.Build.0 = Debug|Any CPU
		{22B63665-0DAA-494A-ADFF-3FBC002BDE82}.Debug|x86.ActiveCfg = Debug|Any CPU
		{22B63665-0DAA-494A-ADFF-3FBC002BDE82}.Debug|x86.Build.0 = Debug|Any CPU
		{22B63665-0DAA-494A-ADFF-3FBC002BDE82}.Release|Any CPU.ActiveCfg = Release|Any CPU
		{22B63665-0DAA-494A-ADFF-3FBC002BDE82}.Release|Any CPU.Build.0 = Release|Any CPU
		{22B63665-0DAA-494A-ADFF-3FBC002BDE82}.Release|x64.ActiveCfg = Release|Any CPU
		{22B63665-0DAA-494A-ADFF-3FBC002BDE82}.Release|x64.Build.0 = Release|Any CPU
		{22B63665-0DAA-494A-ADFF-3FBC002BDE82}.Release|x86.ActiveCfg = Release|Any CPU
		{22B63665-0DAA-494A-ADFF-3FBC002BDE82}.Release|x86.Build.0 = Release|Any CPU
		{68303E36-9D59-4BA9-9602-3B7CA7F56AE4}.Debug|Any CPU.ActiveCfg = Debug|Any CPU
		{68303E36-9D59-4BA9-9602-3B7CA7F56AE4}.Debug|Any CPU.Build.0 = Debug|Any CPU
		{68303E36-9D59-4BA9-9602-3B7CA7F56AE4}.Debug|x64.ActiveCfg = Debug|Any CPU
		{68303E36-9D59-4BA9-9602-3B7CA7F56AE4}.Debug|x64.Build.0 = Debug|Any CPU
		{68303E36-9D59-4BA9-9602-3B7CA7F56AE4}.Debug|x86.ActiveCfg = Debug|Any CPU
		{68303E36-9D59-4BA9-9602-3B7CA7F56AE4}.Debug|x86.Build.0 = Debug|Any CPU
		{68303E36-9D59-4BA9-9602-3B7CA7F56AE4}.Release|Any CPU.ActiveCfg = Release|Any CPU
		{68303E36-9D59-4BA9-9602-3B7CA7F56AE4}.Release|Any CPU.Build.0 = Release|Any CPU
		{68303E36-9D59-4BA9-9602-3B7CA7F56AE4}.Release|x64.ActiveCfg = Release|Any CPU
		{68303E36-9D59-4BA9-9602-3B7CA7F56AE4}.Release|x64.Build.0 = Release|Any CPU
		{68303E36-9D59-4BA9-9602-3B7CA7F56AE4}.Release|x86.ActiveCfg = Release|Any CPU
		{68303E36-9D59-4BA9-9602-3B7CA7F56AE4}.Release|x86.Build.0 = Release|Any CPU
	EndGlobalSection
	GlobalSection(NestedProjects) = preSolution
		{43065457-F548-4063-B50F-A2B04A9D45F7} = {7C88AED3-BA93-42EF-A205-9BAD93D6EDF8}
		{22B63665-0DAA-494A-ADFF-3FBC002BDE82} = {7C88AED3-BA93-42EF-A205-9BAD93D6EDF8}
		{68303E36-9D59-4BA9-9602-3B7CA7F56AE4} = {7C88AED3-BA93-42EF-A205-9BAD93D6EDF8}
	EndGlobalSection
EndGlobal
